
Microsoft Visual Studio Solution File, Format Version 12.00
# Visual Studio 14
VisualStudioVersion = 14.0.25420.1
MinimumVisualStudioVersion = 10.0.40219.1
Project("{FAE04EC0-301F-11D3-BF4B-00C04F79EFBC}") = "BusinessApp.Android", "BusinessApp\BusinessApp.Android\BusinessApp.Android.csproj", "{44009755-C763-40DE-A3F0-81C46CADCB06}"
EndProject
Project("{FAE04EC0-301F-11D3-BF4B-00C04F79EFBC}") = "BusinessApp", "BusinessApp\BusinessApp\BusinessApp.csproj", "{959CBF57-1BD9-4D97-B22C-A0FE818A3BDA}"
EndProject
Project("{FAE04EC0-301F-11D3-BF4B-00C04F79EFBC}") = "BusinessApp.UWP", "BusinessApp\BusinessApp.UWP\BusinessApp.UWP.csproj", "{DEA52A72-FF42-49E8-8454-123617416408}"
EndProject
Project("{FAE04EC0-301F-11D3-BF4B-00C04F79EFBC}") = "BusinessApp.iOS", "BusinessApp\BusinessApp.iOS\BusinessApp.iOS.csproj", "{D9B3CAB7-F95A-4634-A22D-F68573093D98}"
EndProject
Global
	GlobalSection(SolutionConfigurationPlatforms) = preSolution
		Ad-Hoc|Any CPU = Ad-Hoc|Any CPU
		Ad-Hoc|ARM = Ad-Hoc|ARM
		Ad-Hoc|iPhone = Ad-Hoc|iPhone
		Ad-Hoc|iPhoneSimulator = Ad-Hoc|iPhoneSimulator
		Ad-Hoc|x64 = Ad-Hoc|x64
		Ad-Hoc|x86 = Ad-Hoc|x86
		AppStore|Any CPU = AppStore|Any CPU
		AppStore|ARM = AppStore|ARM
		AppStore|iPhone = AppStore|iPhone
		AppStore|iPhoneSimulator = AppStore|iPhoneSimulator
		AppStore|x64 = AppStore|x64
		AppStore|x86 = AppStore|x86
		Debug|Any CPU = Debug|Any CPU
		Debug|ARM = Debug|ARM
		Debug|iPhone = Debug|iPhone
		Debug|iPhoneSimulator = Debug|iPhoneSimulator
		Debug|x64 = Debug|x64
		Debug|x86 = Debug|x86
		Release|Any CPU = Release|Any CPU
		Release|ARM = Release|ARM
		Release|iPhone = Release|iPhone
		Release|iPhoneSimulator = Release|iPhoneSimulator
		Release|x64 = Release|x64
		Release|x86 = Release|x86
	EndGlobalSection
	GlobalSection(ProjectConfigurationPlatforms) = postSolution
		{44009755-C763-40DE-A3F0-81C46CADCB06}.Ad-Hoc|Any CPU.ActiveCfg = Release|Any CPU
		{44009755-C763-40DE-A3F0-81C46CADCB06}.Ad-Hoc|Any CPU.Build.0 = Release|Any CPU
		{44009755-C763-40DE-A3F0-81C46CADCB06}.Ad-Hoc|Any CPU.Deploy.0 = Release|Any CPU
		{44009755-C763-40DE-A3F0-81C46CADCB06}.Ad-Hoc|ARM.ActiveCfg = Release|Any CPU
		{44009755-C763-40DE-A3F0-81C46CADCB06}.Ad-Hoc|ARM.Build.0 = Release|Any CPU
		{44009755-C763-40DE-A3F0-81C46CADCB06}.Ad-Hoc|ARM.Deploy.0 = Release|Any CPU
		{44009755-C763-40DE-A3F0-81C46CADCB06}.Ad-Hoc|iPhone.ActiveCfg = Release|Any CPU
		{44009755-C763-40DE-A3F0-81C46CADCB06}.Ad-Hoc|iPhone.Build.0 = Release|Any CPU
		{44009755-C763-40DE-A3F0-81C46CADCB06}.Ad-Hoc|iPhone.Deploy.0 = Release|Any CPU
		{44009755-C763-40DE-A3F0-81C46CADCB06}.Ad-Hoc|iPhoneSimulator.ActiveCfg = Release|Any CPU
		{44009755-C763-40DE-A3F0-81C46CADCB06}.Ad-Hoc|iPhoneSimulator.Build.0 = Release|Any CPU
		{44009755-C763-40DE-A3F0-81C46CADCB06}.Ad-Hoc|iPhoneSimulator.Deploy.0 = Release|Any CPU
		{44009755-C763-40DE-A3F0-81C46CADCB06}.Ad-Hoc|x64.ActiveCfg = Release|Any CPU
		{44009755-C763-40DE-A3F0-81C46CADCB06}.Ad-Hoc|x64.Build.0 = Release|Any CPU
		{44009755-C763-40DE-A3F0-81C46CADCB06}.Ad-Hoc|x64.Deploy.0 = Release|Any CPU
		{44009755-C763-40DE-A3F0-81C46CADCB06}.Ad-Hoc|x86.ActiveCfg = Release|Any CPU
		{44009755-C763-40DE-A3F0-81C46CADCB06}.Ad-Hoc|x86.Build.0 = Release|Any CPU
		{44009755-C763-40DE-A3F0-81C46CADCB06}.Ad-Hoc|x86.Deploy.0 = Release|Any CPU
		{44009755-C763-40DE-A3F0-81C46CADCB06}.AppStore|Any CPU.ActiveCfg = Release|Any CPU
		{44009755-C763-40DE-A3F0-81C46CADCB06}.AppStore|Any CPU.Build.0 = Release|Any CPU
		{44009755-C763-40DE-A3F0-81C46CADCB06}.AppStore|Any CPU.Deploy.0 = Release|Any CPU
		{44009755-C763-40DE-A3F0-81C46CADCB06}.AppStore|ARM.ActiveCfg = Release|Any CPU
		{44009755-C763-40DE-A3F0-81C46CADCB06}.AppStore|ARM.Build.0 = Release|Any CPU
		{44009755-C763-40DE-A3F0-81C46CADCB06}.AppStore|ARM.Deploy.0 = Release|Any CPU
		{44009755-C763-40DE-A3F0-81C46CADCB06}.AppStore|iPhone.ActiveCfg = Release|Any CPU
		{44009755-C763-40DE-A3F0-81C46CADCB06}.AppStore|iPhone.Build.0 = Release|Any CPU
		{44009755-C763-40DE-A3F0-81C46CADCB06}.AppStore|iPhone.Deploy.0 = Release|Any CPU
		{44009755-C763-40DE-A3F0-81C46CADCB06}.AppStore|iPhoneSimulator.ActiveCfg = Release|Any CPU
		{44009755-C763-40DE-A3F0-81C46CADCB06}.AppStore|iPhoneSimulator.Build.0 = Release|Any CPU
		{44009755-C763-40DE-A3F0-81C46CADCB06}.AppStore|iPhoneSimulator.Deploy.0 = Release|Any CPU
		{44009755-C763-40DE-A3F0-81C46CADCB06}.AppStore|x64.ActiveCfg = Release|Any CPU
		{44009755-C763-40DE-A3F0-81C46CADCB06}.AppStore|x64.Build.0 = Release|Any CPU
		{44009755-C763-40DE-A3F0-81C46CADCB06}.AppStore|x64.Deploy.0 = Release|Any CPU
		{44009755-C763-40DE-A3F0-81C46CADCB06}.AppStore|x86.ActiveCfg = Release|Any CPU
		{44009755-C763-40DE-A3F0-81C46CADCB06}.AppStore|x86.Build.0 = Release|Any CPU
		{44009755-C763-40DE-A3F0-81C46CADCB06}.AppStore|x86.Deploy.0 = Release|Any CPU
		{44009755-C763-40DE-A3F0-81C46CADCB06}.Debug|Any CPU.ActiveCfg = Debug|Any CPU
		{44009755-C763-40DE-A3F0-81C46CADCB06}.Debug|Any CPU.Build.0 = Debug|Any CPU
		{44009755-C763-40DE-A3F0-81C46CADCB06}.Debug|Any CPU.Deploy.0 = Debug|Any CPU
		{44009755-C763-40DE-A3F0-81C46CADCB06}.Debug|ARM.ActiveCfg = Debug|Any CPU
		{44009755-C763-40DE-A3F0-81C46CADCB06}.Debug|ARM.Build.0 = Debug|Any CPU
		{44009755-C763-40DE-A3F0-81C46CADCB06}.Debug|ARM.Deploy.0 = Debug|Any CPU
		{44009755-C763-40DE-A3F0-81C46CADCB06}.Debug|iPhone.ActiveCfg = Debug|Any CPU
		{44009755-C763-40DE-A3F0-81C46CADCB06}.Debug|iPhone.Build.0 = Debug|Any CPU
		{44009755-C763-40DE-A3F0-81C46CADCB06}.Debug|iPhone.Deploy.0 = Debug|Any CPU
		{44009755-C763-40DE-A3F0-81C46CADCB06}.Debug|iPhoneSimulator.ActiveCfg = Debug|Any CPU
		{44009755-C763-40DE-A3F0-81C46CADCB06}.Debug|iPhoneSimulator.Build.0 = Debug|Any CPU
		{44009755-C763-40DE-A3F0-81C46CADCB06}.Debug|iPhoneSimulator.Deploy.0 = Debug|Any CPU
		{44009755-C763-40DE-A3F0-81C46CADCB06}.Debug|x64.ActiveCfg = Debug|Any CPU
		{44009755-C763-40DE-A3F0-81C46CADCB06}.Debug|x64.Build.0 = Debug|Any CPU
		{44009755-C763-40DE-A3F0-81C46CADCB06}.Debug|x64.Deploy.0 = Debug|Any CPU
		{44009755-C763-40DE-A3F0-81C46CADCB06}.Debug|x86.ActiveCfg = Debug|Any CPU
		{44009755-C763-40DE-A3F0-81C46CADCB06}.Debug|x86.Build.0 = Debug|Any CPU
		{44009755-C763-40DE-A3F0-81C46CADCB06}.Debug|x86.Deploy.0 = Debug|Any CPU
		{44009755-C763-40DE-A3F0-81C46CADCB06}.Release|Any CPU.ActiveCfg = Release|Any CPU
		{44009755-C763-40DE-A3F0-81C46CADCB06}.Release|Any CPU.Build.0 = Release|Any CPU
		{44009755-C763-40DE-A3F0-81C46CADCB06}.Release|Any CPU.Deploy.0 = Release|Any CPU
		{44009755-C763-40DE-A3F0-81C46CADCB06}.Release|ARM.ActiveCfg = Release|Any CPU
		{44009755-C763-40DE-A3F0-81C46CADCB06}.Release|ARM.Build.0 = Release|Any CPU
		{44009755-C763-40DE-A3F0-81C46CADCB06}.Release|ARM.Deploy.0 = Release|Any CPU
		{44009755-C763-40DE-A3F0-81C46CADCB06}.Release|iPhone.ActiveCfg = Release|Any CPU
		{44009755-C763-40DE-A3F0-81C46CADCB06}.Release|iPhone.Build.0 = Release|Any CPU
		{44009755-C763-40DE-A3F0-81C46CADCB06}.Release|iPhone.Deploy.0 = Release|Any CPU
		{44009755-C763-40DE-A3F0-81C46CADCB06}.Release|iPhoneSimulator.ActiveCfg = Release|Any CPU
		{44009755-C763-40DE-A3F0-81C46CADCB06}.Release|iPhoneSimulator.Build.0 = Release|Any CPU
		{44009755-C763-40DE-A3F0-81C46CADCB06}.Release|iPhoneSimulator.Deploy.0 = Release|Any CPU
		{44009755-C763-40DE-A3F0-81C46CADCB06}.Release|x64.ActiveCfg = Release|Any CPU
		{44009755-C763-40DE-A3F0-81C46CADCB06}.Release|x64.Build.0 = Release|Any CPU
		{44009755-C763-40DE-A3F0-81C46CADCB06}.Release|x64.Deploy.0 = Release|Any CPU
		{44009755-C763-40DE-A3F0-81C46CADCB06}.Release|x86.ActiveCfg = Release|Any CPU
		{44009755-C763-40DE-A3F0-81C46CADCB06}.Release|x86.Build.0 = Release|Any CPU
		{44009755-C763-40DE-A3F0-81C46CADCB06}.Release|x86.Deploy.0 = Release|Any CPU
		{959CBF57-1BD9-4D97-B22C-A0FE818A3BDA}.Ad-Hoc|Any CPU.ActiveCfg = Release|Any CPU
		{959CBF57-1BD9-4D97-B22C-A0FE818A3BDA}.Ad-Hoc|Any CPU.Build.0 = Release|Any CPU
		{959CBF57-1BD9-4D97-B22C-A0FE818A3BDA}.Ad-Hoc|ARM.ActiveCfg = Release|Any CPU
		{959CBF57-1BD9-4D97-B22C-A0FE818A3BDA}.Ad-Hoc|ARM.Build.0 = Release|Any CPU
		{959CBF57-1BD9-4D97-B22C-A0FE818A3BDA}.Ad-Hoc|iPhone.ActiveCfg = Release|Any CPU
		{959CBF57-1BD9-4D97-B22C-A0FE818A3BDA}.Ad-Hoc|iPhone.Build.0 = Release|Any CPU
		{959CBF57-1BD9-4D97-B22C-A0FE818A3BDA}.Ad-Hoc|iPhoneSimulator.ActiveCfg = Release|Any CPU
		{959CBF57-1BD9-4D97-B22C-A0FE818A3BDA}.Ad-Hoc|iPhoneSimulator.Build.0 = Release|Any CPU
		{959CBF57-1BD9-4D97-B22C-A0FE818A3BDA}.Ad-Hoc|x64.ActiveCfg = Release|Any CPU
		{959CBF57-1BD9-4D97-B22C-A0FE818A3BDA}.Ad-Hoc|x64.Build.0 = Release|Any CPU
		{959CBF57-1BD9-4D97-B22C-A0FE818A3BDA}.Ad-Hoc|x86.ActiveCfg = Release|Any CPU
		{959CBF57-1BD9-4D97-B22C-A0FE818A3BDA}.Ad-Hoc|x86.Build.0 = Release|Any CPU
		{959CBF57-1BD9-4D97-B22C-A0FE818A3BDA}.AppStore|Any CPU.ActiveCfg = Release|Any CPU
		{959CBF57-1BD9-4D97-B22C-A0FE818A3BDA}.AppStore|Any CPU.Build.0 = Release|Any CPU
		{959CBF57-1BD9-4D97-B22C-A0FE818A3BDA}.AppStore|ARM.ActiveCfg = Release|Any CPU
		{959CBF57-1BD9-4D97-B22C-A0FE818A3BDA}.AppStore|ARM.Build.0 = Release|Any CPU
		{959CBF57-1BD9-4D97-B22C-A0FE818A3BDA}.AppStore|iPhone.ActiveCfg = Release|Any CPU
		{959CBF57-1BD9-4D97-B22C-A0FE818A3BDA}.AppStore|iPhone.Build.0 = Release|Any CPU
		{959CBF57-1BD9-4D97-B22C-A0FE818A3BDA}.AppStore|iPhoneSimulator.ActiveCfg = Release|Any CPU
		{959CBF57-1BD9-4D97-B22C-A0FE818A3BDA}.AppStore|iPhoneSimulator.Build.0 = Release|Any CPU
		{959CBF57-1BD9-4D97-B22C-A0FE818A3BDA}.AppStore|x64.ActiveCfg = Release|Any CPU
		{959CBF57-1BD9-4D97-B22C-A0FE818A3BDA}.AppStore|x64.Build.0 = Release|Any CPU
		{959CBF57-1BD9-4D97-B22C-A0FE818A3BDA}.AppStore|x86.ActiveCfg = Release|Any CPU
		{959CBF57-1BD9-4D97-B22C-A0FE818A3BDA}.AppStore|x86.Build.0 = Release|Any CPU
		{959CBF57-1BD9-4D97-B22C-A0FE818A3BDA}.Debug|Any CPU.ActiveCfg = Debug|Any CPU
		{959CBF57-1BD9-4D97-B22C-A0FE818A3BDA}.Debug|Any CPU.Build.0 = Debug|Any CPU
		{959CBF57-1BD9-4D97-B22C-A0FE818A3BDA}.Debug|ARM.ActiveCfg = Debug|Any CPU
		{959CBF57-1BD9-4D97-B22C-A0FE818A3BDA}.Debug|ARM.Build.0 = Debug|Any CPU
		{959CBF57-1BD9-4D97-B22C-A0FE818A3BDA}.Debug|iPhone.ActiveCfg = Debug|Any CPU
		{959CBF57-1BD9-4D97-B22C-A0FE818A3BDA}.Debug|iPhone.Build.0 = Debug|Any CPU
		{959CBF57-1BD9-4D97-B22C-A0FE818A3BDA}.Debug|iPhoneSimulator.ActiveCfg = Debug|Any CPU
		{959CBF57-1BD9-4D97-B22C-A0FE818A3BDA}.Debug|iPhoneSimulator.Build.0 = Debug|Any CPU
		{959CBF57-1BD9-4D97-B22C-A0FE818A3BDA}.Debug|x64.ActiveCfg = Debug|Any CPU
		{959CBF57-1BD9-4D97-B22C-A0FE818A3BDA}.Debug|x64.Build.0 = Debug|Any CPU
		{959CBF57-1BD9-4D97-B22C-A0FE818A3BDA}.Debug|x86.ActiveCfg = Debug|Any CPU
		{959CBF57-1BD9-4D97-B22C-A0FE818A3BDA}.Debug|x86.Build.0 = Debug|Any CPU
		{959CBF57-1BD9-4D97-B22C-A0FE818A3BDA}.Release|Any CPU.ActiveCfg = Release|Any CPU
		{959CBF57-1BD9-4D97-B22C-A0FE818A3BDA}.Release|Any CPU.Build.0 = Release|Any CPU
		{959CBF57-1BD9-4D97-B22C-A0FE818A3BDA}.Release|ARM.ActiveCfg = Release|Any CPU
		{959CBF57-1BD9-4D97-B22C-A0FE818A3BDA}.Release|ARM.Build.0 = Release|Any CPU
		{959CBF57-1BD9-4D97-B22C-A0FE818A3BDA}.Release|iPhone.ActiveCfg = Release|Any CPU
		{959CBF57-1BD9-4D97-B22C-A0FE818A3BDA}.Release|iPhone.Build.0 = Release|Any CPU
		{959CBF57-1BD9-4D97-B22C-A0FE818A3BDA}.Release|iPhoneSimulator.ActiveCfg = Release|Any CPU
		{959CBF57-1BD9-4D97-B22C-A0FE818A3BDA}.Release|iPhoneSimulator.Build.0 = Release|Any CPU
		{959CBF57-1BD9-4D97-B22C-A0FE818A3BDA}.Release|x64.ActiveCfg = Release|Any CPU
		{959CBF57-1BD9-4D97-B22C-A0FE818A3BDA}.Release|x64.Build.0 = Release|Any CPU
		{959CBF57-1BD9-4D97-B22C-A0FE818A3BDA}.Release|x86.ActiveCfg = Release|Any CPU
		{959CBF57-1BD9-4D97-B22C-A0FE818A3BDA}.Release|x86.Build.0 = Release|Any CPU
		{DEA52A72-FF42-49E8-8454-123617416408}.Ad-Hoc|Any CPU.ActiveCfg = Release|x86
		{DEA52A72-FF42-49E8-8454-123617416408}.Ad-Hoc|Any CPU.Build.0 = Release|x86
		{DEA52A72-FF42-49E8-8454-123617416408}.Ad-Hoc|Any CPU.Deploy.0 = Release|x86
		{DEA52A72-FF42-49E8-8454-123617416408}.Ad-Hoc|ARM.ActiveCfg = Release|ARM
		{DEA52A72-FF42-49E8-8454-123617416408}.Ad-Hoc|ARM.Build.0 = Release|ARM
		{DEA52A72-FF42-49E8-8454-123617416408}.Ad-Hoc|ARM.Deploy.0 = Release|ARM
		{DEA52A72-FF42-49E8-8454-123617416408}.Ad-Hoc|iPhone.ActiveCfg = Release|x86
		{DEA52A72-FF42-49E8-8454-123617416408}.Ad-Hoc|iPhone.Build.0 = Release|x86
		{DEA52A72-FF42-49E8-8454-123617416408}.Ad-Hoc|iPhone.Deploy.0 = Release|x86
		{DEA52A72-FF42-49E8-8454-123617416408}.Ad-Hoc|iPhoneSimulator.ActiveCfg = Release|x86
		{DEA52A72-FF42-49E8-8454-123617416408}.Ad-Hoc|iPhoneSimulator.Build.0 = Release|x86
		{DEA52A72-FF42-49E8-8454-123617416408}.Ad-Hoc|iPhoneSimulator.Deploy.0 = Release|x86
		{DEA52A72-FF42-49E8-8454-123617416408}.Ad-Hoc|x64.ActiveCfg = Release|x64
		{DEA52A72-FF42-49E8-8454-123617416408}.Ad-Hoc|x64.Build.0 = Release|x64
		{DEA52A72-FF42-49E8-8454-123617416408}.Ad-Hoc|x64.Deploy.0 = Release|x64
		{DEA52A72-FF42-49E8-8454-123617416408}.Ad-Hoc|x86.ActiveCfg = Release|x86
		{DEA52A72-FF42-49E8-8454-123617416408}.Ad-Hoc|x86.Build.0 = Release|x86
		{DEA52A72-FF42-49E8-8454-123617416408}.Ad-Hoc|x86.Deploy.0 = Release|x86
		{DEA52A72-FF42-49E8-8454-123617416408}.AppStore|Any CPU.ActiveCfg = Release|x86
		{DEA52A72-FF42-49E8-8454-123617416408}.AppStore|Any CPU.Build.0 = Release|x86
		{DEA52A72-FF42-49E8-8454-123617416408}.AppStore|Any CPU.Deploy.0 = Release|x86
		{DEA52A72-FF42-49E8-8454-123617416408}.AppStore|ARM.ActiveCfg = Release|ARM
		{DEA52A72-FF42-49E8-8454-123617416408}.AppStore|ARM.Build.0 = Release|ARM
		{DEA52A72-FF42-49E8-8454-123617416408}.AppStore|ARM.Deploy.0 = Release|ARM
		{DEA52A72-FF42-49E8-8454-123617416408}.AppStore|iPhone.ActiveCfg = Release|x86
		{DEA52A72-FF42-49E8-8454-123617416408}.AppStore|iPhone.Build.0 = Release|x86
		{DEA52A72-FF42-49E8-8454-123617416408}.AppStore|iPhone.Deploy.0 = Release|x86
		{DEA52A72-FF42-49E8-8454-123617416408}.AppStore|iPhoneSimulator.ActiveCfg = Release|x86
		{DEA52A72-FF42-49E8-8454-123617416408}.AppStore|iPhoneSimulator.Build.0 = Release|x86
		{DEA52A72-FF42-49E8-8454-123617416408}.AppStore|iPhoneSimulator.Deploy.0 = Release|x86
		{DEA52A72-FF42-49E8-8454-123617416408}.AppStore|x64.ActiveCfg = Release|x64
		{DEA52A72-FF42-49E8-8454-123617416408}.AppStore|x64.Build.0 = Release|x64
		{DEA52A72-FF42-49E8-8454-123617416408}.AppStore|x64.Deploy.0 = Release|x64
		{DEA52A72-FF42-49E8-8454-123617416408}.AppStore|x86.ActiveCfg = Release|x86
		{DEA52A72-FF42-49E8-8454-123617416408}.AppStore|x86.Build.0 = Release|x86
		{DEA52A72-FF42-49E8-8454-123617416408}.AppStore|x86.Deploy.0 = Release|x86
		{DEA52A72-FF42-49E8-8454-123617416408}.Debug|Any CPU.ActiveCfg = Debug|x86
		{DEA52A72-FF42-49E8-8454-123617416408}.Debug|ARM.ActiveCfg = Debug|ARM
		{DEA52A72-FF42-49E8-8454-123617416408}.Debug|ARM.Build.0 = Debug|ARM
		{DEA52A72-FF42-49E8-8454-123617416408}.Debug|ARM.Deploy.0 = Debug|ARM
		{DEA52A72-FF42-49E8-8454-123617416408}.Debug|iPhone.ActiveCfg = Debug|x86
		{DEA52A72-FF42-49E8-8454-123617416408}.Debug|iPhoneSimulator.ActiveCfg = Debug|x86
		{DEA52A72-FF42-49E8-8454-123617416408}.Debug|x64.ActiveCfg = Debug|x64
		{DEA52A72-FF42-49E8-8454-123617416408}.Debug|x64.Build.0 = Debug|x64
		{DEA52A72-FF42-49E8-8454-123617416408}.Debug|x64.Deploy.0 = Debug|x64
		{DEA52A72-FF42-49E8-8454-123617416408}.Debug|x86.ActiveCfg = Debug|x86
		{DEA52A72-FF42-49E8-8454-123617416408}.Debug|x86.Build.0 = Debug|x86
		{DEA52A72-FF42-49E8-8454-123617416408}.Debug|x86.Deploy.0 = Debug|x86
		{DEA52A72-FF42-49E8-8454-123617416408}.Release|Any CPU.ActiveCfg = Release|x86
		{DEA52A72-FF42-49E8-8454-123617416408}.Release|ARM.ActiveCfg = Release|ARM
		{DEA52A72-FF42-49E8-8454-123617416408}.Release|ARM.Build.0 = Release|ARM
		{DEA52A72-FF42-49E8-8454-123617416408}.Release|ARM.Deploy.0 = Release|ARM
		{DEA52A72-FF42-49E8-8454-123617416408}.Release|iPhone.ActiveCfg = Release|x86
		{DEA52A72-FF42-49E8-8454-123617416408}.Release|iPhoneSimulator.ActiveCfg = Release|x86
		{DEA52A72-FF42-49E8-8454-123617416408}.Release|x64.ActiveCfg = Release|x64
		{DEA52A72-FF42-49E8-8454-123617416408}.Release|x64.Build.0 = Release|x64
		{DEA52A72-FF42-49E8-8454-123617416408}.Release|x64.Deploy.0 = Release|x64
		{DEA52A72-FF42-49E8-8454-123617416408}.Release|x86.ActiveCfg = Release|x86
		{DEA52A72-FF42-49E8-8454-123617416408}.Release|x86.Build.0 = Release|x86
		{DEA52A72-FF42-49E8-8454-123617416408}.Release|x86.Deploy.0 = Release|x86
		{D9B3CAB7-F95A-4634-A22D-F68573093D98}.Ad-Hoc|Any CPU.ActiveCfg = Ad-Hoc|iPhone
		{D9B3CAB7-F95A-4634-A22D-F68573093D98}.Ad-Hoc|ARM.ActiveCfg = Ad-Hoc|iPhone
		{D9B3CAB7-F95A-4634-A22D-F68573093D98}.Ad-Hoc|iPhone.ActiveCfg = Ad-Hoc|iPhone
		{D9B3CAB7-F95A-4634-A22D-F68573093D98}.Ad-Hoc|iPhone.Build.0 = Ad-Hoc|iPhone
		{D9B3CAB7-F95A-4634-A22D-F68573093D98}.Ad-Hoc|iPhoneSimulator.ActiveCfg = Ad-Hoc|iPhoneSimulator
		{D9B3CAB7-F95A-4634-A22D-F68573093D98}.Ad-Hoc|iPhoneSimulator.Build.0 = Ad-Hoc|iPhoneSimulator
		{D9B3CAB7-F95A-4634-A22D-F68573093D98}.Ad-Hoc|x64.ActiveCfg = Ad-Hoc|iPhone
		{D9B3CAB7-F95A-4634-A22D-F68573093D98}.Ad-Hoc|x86.ActiveCfg = Ad-Hoc|iPhone
		{D9B3CAB7-F95A-4634-A22D-F68573093D98}.AppStore|Any CPU.ActiveCfg = AppStore|iPhone
		{D9B3CAB7-F95A-4634-A22D-F68573093D98}.AppStore|ARM.ActiveCfg = AppStore|iPhone
		{D9B3CAB7-F95A-4634-A22D-F68573093D98}.AppStore|iPhone.ActiveCfg = AppStore|iPhone
		{D9B3CAB7-F95A-4634-A22D-F68573093D98}.AppStore|iPhone.Build.0 = AppStore|iPhone
		{D9B3CAB7-F95A-4634-A22D-F68573093D98}.AppStore|iPhoneSimulator.ActiveCfg = AppStore|iPhoneSimulator
		{D9B3CAB7-F95A-4634-A22D-F68573093D98}.AppStore|iPhoneSimulator.Build.0 = AppStore|iPhoneSimulator
		{D9B3CAB7-F95A-4634-A22D-F68573093D98}.AppStore|x64.ActiveCfg = AppStore|iPhone
		{D9B3CAB7-F95A-4634-A22D-F68573093D98}.AppStore|x86.ActiveCfg = AppStore|iPhone
		{D9B3CAB7-F95A-4634-A22D-F68573093D98}.Debug|Any CPU.ActiveCfg = Debug|iPhone
		{D9B3CAB7-F95A-4634-A22D-F68573093D98}.Debug|ARM.ActiveCfg = Debug|iPhone
		{D9B3CAB7-F95A-4634-A22D-F68573093D98}.Debug|iPhone.ActiveCfg = Debug|iPhone
		{D9B3CAB7-F95A-4634-A22D-F68573093D98}.Debug|iPhone.Build.0 = Debug|iPhone
		{D9B3CAB7-F95A-4634-A22D-F68573093D98}.Debug|iPhoneSimulator.ActiveCfg = Debug|iPhoneSimulator
		{D9B3CAB7-F95A-4634-A22D-F68573093D98}.Debug|iPhoneSimulator.Build.0 = Debug|iPhoneSimulator
		{D9B3CAB7-F95A-4634-A22D-F68573093D98}.Debug|x64.ActiveCfg = Debug|iPhone
		{D9B3CAB7-F95A-4634-A22D-F68573093D98}.Debug|x86.ActiveCfg = Debug|iPhone
		{D9B3CAB7-F95A-4634-A22D-F68573093D98}.Release|Any CPU.ActiveCfg = Release|iPhone
		{D9B3CAB7-F95A-4634-A22D-F68573093D98}.Release|ARM.ActiveCfg = Release|iPhone
		{D9B3CAB7-F95A-4634-A22D-F68573093D98}.Release|iPhone.ActiveCfg = Release|iPhone
		{D9B3CAB7-F95A-4634-A22D-F68573093D98}.Release|iPhone.Build.0 = Release|iPhone
		{D9B3CAB7-F95A-4634-A22D-F68573093D98}.Release|iPhoneSimulator.ActiveCfg = Release|iPhoneSimulator
		{D9B3CAB7-F95A-4634-A22D-F68573093D98}.Release|iPhoneSimulator.Build.0 = Release|iPhoneSimulator
		{D9B3CAB7-F95A-4634-A22D-F68573093D98}.Release|x64.ActiveCfg = Release|iPhone
		{D9B3CAB7-F95A-4634-A22D-F68573093D98}.Release|x86.ActiveCfg = Release|iPhone
	EndGlobalSection
	GlobalSection(SolutionProperties) = preSolution
		HideSolutionNode = FALSE
	EndGlobalSection
EndGlobal
